
Microsoft Visual Studio Solution File, Format Version 12.00
# Visual Studio 15
VisualStudioVersion = 15.0.28307.572
MinimumVisualStudioVersion = 10.0.40219.1
Project("{FAE04EC0-301F-11D3-BF4B-00C04F79EFBC}") = "Cust", "Cust\Cust.csproj", "{9FBEE24D-8883-41CE-BEA3-83851A05A0A3}"
EndProject
Global
	GlobalSection(SolutionConfigurationPlatforms) = preSolution
		Debug|Any CPU = Debug|Any CPU
		Release|Any CPU = Release|Any CPU
	EndGlobalSection
	GlobalSection(ProjectConfigurationPlatforms) = postSolution
		{9FBEE24D-8883-41CE-BEA3-83851A05A0A3}.Debug|Any CPU.ActiveCfg = Debug|Any CPU
		{9FBEE24D-8883-41CE-BEA3-83851A05A0A3}.Debug|Any CPU.Build.0 = Debug|Any CPU
		{9FBEE24D-8883-41CE-BEA3-83851A05A0A3}.Release|Any CPU.ActiveCfg = Release|Any CPU
		{9FBEE24D-8883-41CE-BEA3-83851A05A0A3}.Release|Any CPU.Build.0 = Release|Any CPU
	EndGlobalSection
	GlobalSection(SolutionProperties) = preSolution
		HideSolutionNode = FALSE
	EndGlobalSection
	GlobalSection(ExtensibilityGlobals) = postSolution
		SolutionGuid = {AD5E9136-FE2C-4AC0-B1A9-C12A6B7E313F}
	EndGlobalSection
EndGlobal
